
Microsoft Visual Studio Solution File, Format Version 12.00
# Visual Studio Version 16
VisualStudioVersion = 16.0.31129.286
MinimumVisualStudioVersion = 10.0.40219.1
Project("{FAE04EC0-301F-11D3-BF4B-00C04F79EFBC}") = "RockyMVC", "RockyMVC\RockyMVC.csproj", "{32C029CA-5B7A-450C-A266-A03FBE560FEE}"
EndProject
Global
	GlobalSection(SolutionConfigurationPlatforms) = preSolution
		Debug|Any CPU = Debug|Any CPU
		Release|Any CPU = Release|Any CPU
	EndGlobalSection
	GlobalSection(ProjectConfigurationPlatforms) = postSolution
		{32C029CA-5B7A-450C-A266-A03FBE560FEE}.Debug|Any CPU.ActiveCfg = Debug|Any CPU
		{32C029CA-5B7A-450C-A266-A03FBE560FEE}.Debug|Any CPU.Build.0 = Debug|Any CPU
		{32C029CA-5B7A-450C-A266-A03FBE560FEE}.Release|Any CPU.ActiveCfg = Release|Any CPU
		{32C029CA-5B7A-450C-A266-A03FBE560FEE}.Release|Any CPU.Build.0 = Release|Any CPU
	EndGlobalSection
	GlobalSection(SolutionProperties) = preSolution
		HideSolutionNode = FALSE
	EndGlobalSection
	GlobalSection(ExtensibilityGlobals) = postSolution
		SolutionGuid = {F5468A5C-00FD-41EE-8B4A-D991D8B4BC39}
	EndGlobalSection
EndGlobal
